<Solution>
  <Project Path="OllamaMobileClient.App/OllamaMobileClient.App.csproj">
    <Deploy Solution="Debug|*" />
  </Project>
  <Project Path="OllamaMobileClient.Application/OllamaMobileClient.Applications.csproj" />
  <Project Path="OllamaMobileClient.Domain/OllamaMobileClient.Domain.csproj" />
  <Project Path="OllamaMobileClient.Infrastructure/OllamaMobileClient.Infrastructure.csproj" />
</Solution>
